// !$*UTF8*$!
{
	archiveVersion = 1;
	classes = {
	};
	objectVersion = 48;
	objects = {

/* Begin PBXBuildFile section */
		EBA21B74203DBF33008AF1FD /* AppDelegate.swift in Sources */ = {isa = PBXBuildFile; fileRef = EBA21B73203DBF33008AF1FD /* AppDelegate.swift */; };
		EBA21B79203DBF33008AF1FD /* Main.storyboard in Resources */ = {isa = PBXBuildFile; fileRef = EBA21B77203DBF33008AF1FD /* Main.storyboard */; };
		EBA21B7B203DBF33008AF1FD /* Assets.xcassets in Resources */ = {isa = PBXBuildFile; fileRef = EBA21B7A203DBF33008AF1FD /* Assets.xcassets */; };
		EBA21B7E203DBF33008AF1FD /* LaunchScreen.storyboard in Resources */ = {isa = PBXBuildFile; fileRef = EBA21B7C203DBF33008AF1FD /* LaunchScreen.storyboard */; };
		EBA21B86203DC0CE008AF1FD /* ListViewController.swift in Sources */ = {isa = PBXBuildFile; fileRef = EBA21B85203DC0CE008AF1FD /* ListViewController.swift */; };
		EBB423C8204433D5003DDA7C /* Item.swift in Sources */ = {isa = PBXBuildFile; fileRef = EBB423C7204433D5003DDA7C /* Item.swift */; };
		EBB423CB2045BA85003DDA7C /* WebKit.framework in Frameworks */ = {isa = PBXBuildFile; fileRef = EBB423CA2045BA85003DDA7C /* WebKit.framework */; };
		EBB423CD2045BACA003DDA7C /* DetailViewController.swift in Sources */ = {isa = PBXBuildFile; fileRef = EBB423CC2045BACA003DDA7C /* DetailViewController.swift */; };
/* End PBXBuildFile section */

/* Begin PBXFileReference section */
		EBA21B70203DBF33008AF1FD /* aaa.app */ = {isa = PBXFileReference; explicitFileType = wrapper.application; includeInIndex = 0; path = aaa.app; sourceTree = BUILT_PRODUCTS_DIR; };
		EBA21B73203DBF33008AF1FD /* AppDelegate.swift */ = {isa = PBXFileReference; lastKnownFileType = sourcecode.swift; path = AppDelegate.swift; sourceTree = "<group>"; };
		EBA21B78203DBF33008AF1FD /* Base */ = {isa = PBXFileReference; lastKnownFileType = file.storyboard; name = Base; path = Base.lproj/Main.storyboard; sourceTree = "<group>"; };
		EBA21B7A203DBF33008AF1FD /* Assets.xcassets */ = {isa = PBXFileReference; lastKnownFileType = folder.assetcatalog; path = Assets.xcassets; sourceTree = "<group>"; };
		EBA21B7D203DBF33008AF1FD /* Base */ = {isa = PBXFileReference; lastKnownFileType = file.storyboard; name = Base; path = Base.lproj/LaunchScreen.storyboard; sourceTree = "<group>"; };
		EBA21B7F203DBF33008AF1FD /* Info.plist */ = {isa = PBXFileReference; lastKnownFileType = text.plist.xml; path = Info.plist; sourceTree = "<group>"; };
		EBA21B85203DC0CE008AF1FD /* ListViewController.swift */ = {isa = PBXFileReference; lastKnownFileType = sourcecode.swift; path = ListViewController.swift; sourceTree = "<group>"; };
		EBB423C7204433D5003DDA7C /* Item.swift */ = {isa = PBXFileReference; lastKnownFileType = sourcecode.swift; path = Item.swift; sourceTree = "<group>"; };
		EBB423CA2045BA85003DDA7C /* WebKit.framework */ = {isa = PBXFileReference; lastKnownFileType = wrapper.framework; name = WebKit.framework; path = System/Library/Frameworks/WebKit.framework; sourceTree = SDKROOT; };
		EBB423CC2045BACA003DDA7C /* DetailViewController.swift */ = {isa = PBXFileReference; lastKnownFileType = sourcecode.swift; path = DetailViewController.swift; sourceTree = "<group>"; };
/* End PBXFileReference section */

/* Begin PBXFrameworksBuildPhase section */
		EBA21B6D203DBF33008AF1FD /* Frameworks */ = {
			isa = PBXFrameworksBuildPhase;
			buildActionMask = 2147483647;
			files = (
				EBB423CB2045BA85003DDA7C /* WebKit.framework in Frameworks */,
			);
			runOnlyForDeploymentPostprocessing = 0;
		};
/* End PBXFrameworksBuildPhase section */

/* Begin PBXGroup section */
		EBA21B67203DBF33008AF1FD = {
			isa = PBXGroup;
			children = (
				EBA21B72203DBF33008AF1FD /* aaa */,
				EBA21B71203DBF33008AF1FD /* Products */,
				EBB423C92045BA85003DDA7C /* Frameworks */,
			);
			sourceTree = "<group>";
		};
		EBA21B71203DBF33008AF1FD /* Products */ = {
			isa = PBXGroup;
			children = (
				EBA21B70203DBF33008AF1FD /* aaa.app */,
			);
			name = Products;
			sourceTree = "<group>";
		};
		EBA21B72203DBF33008AF1FD /* aaa */ = {
			isa = PBXGroup;
			children = (
				EBA21B73203DBF33008AF1FD /* AppDelegate.swift */,
				EBB423C7204433D5003DDA7C /* Item.swift */,
				EBA21B77203DBF33008AF1FD /* Main.storyboard */,
				EBA21B85203DC0CE008AF1FD /* ListViewController.swift */,
				EBB423CC2045BACA003DDA7C /* DetailViewController.swift */,
				EBA21B7A203DBF33008AF1FD /* Assets.xcassets */,
				EBA21B7C203DBF33008AF1FD /* LaunchScreen.storyboard */,
				EBA21B7F203DBF33008AF1FD /* Info.plist */,
			);
			path = aaa;
			sourceTree = "<group>";
		};
		EBB423C92045BA85003DDA7C /* Frameworks */ = {
			isa = PBXGroup;
			children = (
				EBB423CA2045BA85003DDA7C /* WebKit.framework */,
			);
			name = Frameworks;
			sourceTree = "<group>";
		};
/* End PBXGroup section */

/* Begin PBXNativeTarget section */
		EBA21B6F203DBF33008AF1FD /* aaa */ = {
			isa = PBXNativeTarget;
			buildConfigurationList = EBA21B82203DBF33008AF1FD /* Build configuration list for PBXNativeTarget "aaa" */;
			buildPhases = (
				EBA21B6C203DBF33008AF1FD /* Sources */,
				EBA21B6D203DBF33008AF1FD /* Frameworks */,
				EBA21B6E203DBF33008AF1FD /* Resources */,
			);
			buildRules = (
			);
			dependencies = (
			);
			name = aaa;
			productName = aaa;
			productReference = EBA21B70203DBF33008AF1FD /* aaa.app */;
			productType = "com.apple.product-type.application";
		};
/* End PBXNativeTarget section */

/* Begin PBXProject section */
		EBA21B68203DBF33008AF1FD /* Project object */ = {
			isa = PBXProject;
			attributes = {
				LastSwiftUpdateCheck = 0920;
				LastUpgradeCheck = 0920;
				ORGANIZATIONNAME = komatsu.com;
				TargetAttributes = {
					EBA21B6F203DBF33008AF1FD = {
						CreatedOnToolsVersion = 9.2;
						ProvisioningStyle = Automatic;
					};
				};
			};
			buildConfigurationList = EBA21B6B203DBF33008AF1FD /* Build configuration list for PBXProject "NewsReader" */;
			compatibilityVersion = "Xcode 8.0";
			developmentRegion = en;
			hasScannedForEncodings = 0;
			knownRegions = (
				en,
				Base,
			);
			mainGroup = EBA21B67203DBF33008AF1FD;
			productRefGroup = EBA21B71203DBF33008AF1FD /* Products */;
			projectDirPath = "";
			projectRoot = "";
			targets = (
				EBA21B6F203DBF33008AF1FD /* aaa */,
			);
		};
/* End PBXProject section */

/* Begin PBXResourcesBuildPhase section */
		EBA21B6E203DBF33008AF1FD /* Resources */ = {
			isa = PBXResourcesBuildPhase;
			buildActionMask = 2147483647;
			files = (
				EBA21B7E203DBF33008AF1FD /* LaunchScreen.storyboard in Resources */,
				EBA21B7B203DBF33008AF1FD /* Assets.xcassets in Resources */,
				EBA21B79203DBF33008AF1FD /* Main.storyboard in Resources */,
			);
			runOnlyForDeploymentPostprocessing = 0;
		};
/* End PBXResourcesBuildPhase section */

/* Begin PBXSourcesBuildPhase section */
		EBA21B6C203DBF33008AF1FD /* Sources */ = {
			isa = PBXSourcesBuildPhase;
			buildActionMask = 2147483647;
			files = (
				EBA21B86203DC0CE008AF1FD /* ListViewController.swift in Sources */,
				EBB423C8204433D5003DDA7C /* Item.swift in Sources */,
				EBA21B74203DBF33008AF1FD /* AppDelegate.swift in Sources */,
				EBB423CD2045BACA003DDA7C /* DetailViewController.swift in Sources */,
			);
			runOnlyForDeploymentPostprocessing = 0;
		};
/* End PBXSourcesBuildPhase section */

/* Begin PBXVariantGroup section */
		EBA21B77203DBF33008AF1FD /* Main.storyboard */ = {
			isa = PBXVariantGroup;
			children = (
				EBA21B78203DBF33008AF1FD /* Base */,
			);
			name = Main.storyboard;
			sourceTree = "<group>";
		};
		EBA21B7C203DBF33008AF1FD /* LaunchScreen.storyboard */ = {
			isa = PBXVariantGroup;
			children = (
				EBA21B7D203DBF33008AF1FD /* Base */,
			);
			name = LaunchScreen.storyboard;
			sourceTree = "<group>";
		};
/* End PBXVariantGroup section */

/* Begin XCBuildConfiguration section */
		EBA21B80203DBF33008AF1FD /* Debug */ = {
			isa = XCBuildConfiguration;
			buildSettings = {
				ALWAYS_SEARCH_USER_PATHS = NO;
				CLANG_ANALYZER_NONNULL = YES;
				CLANG_ANALYZER_NUMBER_OBJECT_CONVERSION = YES_AGGRESSIVE;
				CLANG_CXX_LANGUAGE_STANDARD = "gnu++14";
				CLANG_CXX_LIBRARY = "libc++";
				CLANG_ENABLE_MODULES = YES;
				CLANG_ENABLE_OBJC_ARC = YES;
				CLANG_WARN_BLOCK_CAPTURE_AUTORELEASING = YES;
				CLANG_WARN_BOOL_CONVERSION = YES;
				CLANG_WARN_COMMA = YES;
				CLANG_WARN_CONSTANT_CONVERSION = YES;
				CLANG_WARN_DIRECT_OBJC_ISA_USAGE = YES_ERROR;
				CLANG_WARN_DOCUMENTATION_COMMENTS = YES;
				CLANG_WARN_EMPTY_BODY = YES;
				CLANG_WARN_ENUM_CONVERSION = YES;
				CLANG_WARN_INFINITE_RECURSION = YES;
				CLANG_WARN_INT_CONVERSION = YES;
				CLANG_WARN_NON_LITERAL_NULL_CONVERSION = YES;
				CLANG_WARN_OBJC_LITERAL_CONVERSION = YES;
				CLANG_WARN_OBJC_ROOT_CLASS = YES_ERROR;
				CLANG_WARN_RANGE_LOOP_ANALYSIS = YES;
				CLANG_WARN_STRICT_PROTOTYPES = YES;
				CLANG_WARN_SUSPICIOUS_MOVE = YES;
				CLANG_WARN_UNGUARDED_AVAILABILITY = YES_AGGRESSIVE;
				CLANG_WARN_UNREACHABLE_CODE = YES;
				CLANG_WARN__DUPLICATE_METHOD_MATCH = YES;
				CODE_SIGN_IDENTITY = "iPhone Developer";
				COPY_PHASE_STRIP = NO;
				DEBUG_INFORMATION_FORMAT = dwarf;
				ENABLE_STRICT_OBJC_MSGSEND = YES;
				ENABLE_TESTABILITY = YES;
				GCC_C_LANGUAGE_STANDARD = gnu11;
				GCC_DYNAMIC_NO_PIC = NO;
				GCC_NO_COMMON_BLOCKS = YES;
				GCC_OPTIMIZATION_LEVEL = 0;
				GCC_PREPROCESSOR_DEFINITIONS = (
					"DEBUG=1",
					"$(inherited)",
				);
				GCC_WARN_64_TO_32_BIT_CONVERSION = YES;
				GCC_WARN_ABOUT_RETURN_TYPE = YES_ERROR;
				GCC_WARN_UNDECLARED_SELECTOR = YES;
				GCC_WARN_UNINITIALIZED_AUTOS = YES_AGGRESSIVE;
				GCC_WARN_UNUSED_FUNCTION = YES;
				GCC_WARN_UNUSED_VARIABLE = YES;
				IPHONEOS_DEPLOYMENT_TARGET = 11.2;
				MTL_ENABLE_DEBUG_INFO = YES;
				ONLY_ACTIVE_ARCH = YES;
				SDKROOT = iphoneos;
				SWIFT_ACTIVE_COMPILATION_CONDITIONS = DEBUG;
				SWIFT_OPTIMIZATION_LEVEL = "-Onone";
			};
			name = Debug;
		};
		EBA21B81203DBF33008AF1FD /* Release */ = {
			isa = XCBuildConfiguration;
			buildSettings = {
				ALWAYS_SEARCH_USER_PATHS = NO;
				CLANG_ANALYZER_NONNULL = YES;
				CLANG_ANALYZER_NUMBER_OBJECT_CONVERSION = YES_AGGRESSIVE;
				CLANG_CXX_LANGUAGE_STANDARD = "gnu++14";
				CLANG_CXX_LIBRARY = "libc++";
				CLANG_ENABLE_MODULES = YES;
				CLANG_ENABLE_OBJC_ARC = YES;
				CLANG_WARN_BLOCK_CAPTURE_AUTORELEASING = YES;
				CLANG_WARN_BOOL_CONVERSION = YES;
				CLANG_WARN_COMMA = YES;
				CLANG_WARN_CONSTANT_CONVERSION = YES;
				CLANG_WARN_DIRECT_OBJC_ISA_USAGE = YES_ERROR;
				CLANG_WARN_DOCUMENTATION_COMMENTS = YES;
				CLANG_WARN_EMPTY_BODY = YES;
				CLANG_WARN_ENUM_CONVERSION = YES;
				CLANG_WARN_INFINITE_RECURSION = YES;
				CLANG_WARN_INT_CONVERSION = YES;
				CLANG_WARN_NON_LITERAL_NULL_CONVERSION = YES;
				CLANG_WARN_OBJC_LITERAL_CONVERSION = YES;
				CLANG_WARN_OBJC_ROOT_CLASS = YES_ERROR;
				CLANG_WARN_RANGE_LOOP_ANALYSIS = YES;
				CLANG_WARN_STRICT_PROTOTYPES = YES;
				CLANG_WARN_SUSPICIOUS_MOVE = YES;
				CLANG_WARN_UNGUARDED_AVAILABILITY = YES_AGGRESSIVE;
				CLANG_WARN_UNREACHABLE_CODE = YES;
				CLANG_WARN__DUPLICATE_METHOD_MATCH = YES;
				CODE_SIGN_IDENTITY = "iPhone Developer";
				COPY_PHASE_STRIP = NO;
				DEBUG_INFORMATION_FORMAT = "dwarf-with-dsym";
				ENABLE_NS_ASSERTIONS = NO;
				ENABLE_STRICT_OBJC_MSGSEND = YES;
				GCC_C_LANGUAGE_STANDARD = gnu11;
				GCC_NO_COMMON_BLOCKS = YES;
				GCC_WARN_64_TO_32_BIT_CONVERSION = YES;
				GCC_WARN_ABOUT_RETURN_TYPE = YES_ERROR;
				GCC_WARN_UNDECLARED_SELECTOR = YES;
				GCC_WARN_UNINITIALIZED_AUTOS = YES_AGGRESSIVE;
				GCC_WARN_UNUSED_FUNCTION = YES;
				GCC_WARN_UNUSED_VARIABLE = YES;
				IPHONEOS_DEPLOYMENT_TARGET = 11.2;
				MTL_ENABLE_DEBUG_INFO = NO;
				SDKROOT = iphoneos;
				SWIFT_OPTIMIZATION_LEVEL = "-Owholemodule";
				VALIDATE_PRODUCT = YES;
			};
			name = Release;
		};
		EBA21B83203DBF33008AF1FD /* Debug */ = {
			isa = XCBuildConfiguration;
			buildSettings = {
				ASSETCATALOG_COMPILER_APPICON_NAME = AppIcon;
				CODE_SIGN_STYLE = Automatic;
				INFOPLIST_FILE = aaa/Info.plist;
				LD_RUNPATH_SEARCH_PATHS = "$(inherited) @executable_path/Frameworks";
				PRODUCT_BUNDLE_IDENTIFIER = com.komatsu.aaa;
				PRODUCT_NAME = "$(TARGET_NAME)";
				SWIFT_VERSION = 4.0;
				TARGETED_DEVICE_FAMILY = "1,2";
			};
			name = Debug;
		};
		EBA21B84203DBF33008AF1FD /* Release */ = {
			isa = XCBuildConfiguration;
			buildSettings = {
				ASSETCATALOG_COMPILER_APPICON_NAME = AppIcon;
				CODE_SIGN_STYLE = Automatic;
				INFOPLIST_FILE = aaa/Info.plist;
				LD_RUNPATH_SEARCH_PATHS = "$(inherited) @executable_path/Frameworks";
				PRODUCT_BUNDLE_IDENTIFIER = com.komatsu.aaa;
				PRODUCT_NAME = "$(TARGET_NAME)";
				SWIFT_VERSION = 4.0;
				TARGETED_DEVICE_FAMILY = "1,2";
			};
			name = Release;
		};
/* End XCBuildConfiguration section */

/* Begin XCConfigurationList section */
		EBA21B6B203DBF33008AF1FD /* Build configuration list for PBXProject "NewsReader" */ = {
			isa = XCConfigurationList;
			buildConfigurations = (
				EBA21B80203DBF33008AF1FD /* Debug */,
				EBA21B81203DBF33008AF1FD /* Release */,
			);
			defaultConfigurationIsVisible = 0;
			defaultConfigurationName = Release;
		};
		EBA21B82203DBF33008AF1FD /* Build configuration list for PBXNativeTarget "aaa" */ = {
			isa = XCConfigurationList;
			buildConfigurations = (
				EBA21B83203DBF33008AF1FD /* Debug */,
				EBA21B84203DBF33008AF1FD /* Release */,
			);
			defaultConfigurationIsVisible = 0;
			defaultConfigurationName = Release;
		};
/* End XCConfigurationList section */
	};
	rootObject = EBA21B68203DBF33008AF1FD /* Project object */;
}
